// !$*UTF8*$!
{
	archiveVersion = 1;
	classes = {
	};
	objectVersion = 46;
	objects = {

/* Begin PBXBuildFile section */
		0A13EFF915BD3C7000BE4BB1 /* Answer.pgf in CopyFiles */ = {isa = PBXBuildFile; fileRef = 0A13EFF515BD385100BE4BB1 /* Answer.pgf */; };
		0A13EFFA15BD3C7000BE4BB1 /* Mountaineering.pgf in CopyFiles */ = {isa = PBXBuildFile; fileRef = 0A13EFF615BD385100BE4BB1 /* Mountaineering.pgf */; };
		0A1D1F55159B46800074D642 /* IndexedPGFTest.cpp in Sources */ = {isa = PBXBuildFile; fileRef = 0A1D1F54159B46800074D642 /* IndexedPGFTest.cpp */; };
		0A1D1F59159B475D0074D642 /* Foods.pgf in CopyFiles */ = {isa = PBXBuildFile; fileRef = 0A1D1F56159B47340074D642 /* Foods.pgf */; };
		0A1D1F5A159B475D0074D642 /* Phrasebook.pgf in CopyFiles */ = {isa = PBXBuildFile; fileRef = 0A1D1F57159B47340074D642 /* Phrasebook.pgf */; };
		0A1D1F5B159B475D0074D642 /* PhrasebookIndexed.pgf in CopyFiles */ = {isa = PBXBuildFile; fileRef = 0A1D1F58159B47350074D642 /* PhrasebookIndexed.pgf */; };
		0A5F589915C13B830017359F /* FoodsPredictTest.cpp in Sources */ = {isa = PBXBuildFile; fileRef = 0A5F589815C13B830017359F /* FoodsPredictTest.cpp */; };
		0A5F589C15C13E420017359F /* AnswerTest.cpp in Sources */ = {isa = PBXBuildFile; fileRef = 0A5F589B15C13E420017359F /* AnswerTest.cpp */; };
		0A5F589E15C1403C0017359F /* StartCatTest.cpp in Sources */ = {isa = PBXBuildFile; fileRef = 0A5F589D15C1403C0017359F /* StartCatTest.cpp */; };
		0A5F58A015C1417D0017359F /* GenerateTreesTest.cpp in Sources */ = {isa = PBXBuildFile; fileRef = 0A5F589F15C1417C0017359F /* GenerateTreesTest.cpp */; };
		0A8398AC15A8431B00875849 /* libpgf+.a in Frameworks */ = {isa = PBXBuildFile; fileRef = 0A8398AB15A8431B00875849 /* libpgf+.a */; };
		0A9C64FB15A5DD49005B2989 /* FoodsParseTest.cpp in Sources */ = {isa = PBXBuildFile; fileRef = 0A9C64FA15A5DD49005B2989 /* FoodsParseTest.cpp */; };
		0ACD4C20159CA94100878123 /* FoodsLinearizeTest.cpp in Sources */ = {isa = PBXBuildFile; fileRef = 0ACD4C1F159CA94100878123 /* FoodsLinearizeTest.cpp */; };
		0ACF676B15BD5AFD00434BC6 /* MountaineeringLinearizeTest.cpp in Sources */ = {isa = PBXBuildFile; fileRef = 0ACF676A15BD5AFD00434BC6 /* MountaineeringLinearizeTest.cpp */; };
/* End PBXBuildFile section */

/* Begin PBXCopyFilesBuildPhase section */
		0A1D1F29159B3DAB0074D642 /* CopyFiles */ = {
			isa = PBXCopyFilesBuildPhase;
			buildActionMask = 12;
			dstPath = "";
			dstSubfolderSpec = 16;
			files = (
				0A13EFF915BD3C7000BE4BB1 /* Answer.pgf in CopyFiles */,
				0A13EFFA15BD3C7000BE4BB1 /* Mountaineering.pgf in CopyFiles */,
				0A1D1F59159B475D0074D642 /* Foods.pgf in CopyFiles */,
				0A1D1F5A159B475D0074D642 /* Phrasebook.pgf in CopyFiles */,
				0A1D1F5B159B475D0074D642 /* PhrasebookIndexed.pgf in CopyFiles */,
			);
			runOnlyForDeploymentPostprocessing = 0;
		};
/* End PBXCopyFilesBuildPhase section */

/* Begin PBXFileReference section */
		0A13EFF515BD385100BE4BB1 /* Answer.pgf */ = {isa = PBXFileReference; lastKnownFileType = file; path = Answer.pgf; sourceTree = "<group>"; };
		0A13EFF615BD385100BE4BB1 /* Mountaineering.pgf */ = {isa = PBXFileReference; lastKnownFileType = file; path = Mountaineering.pgf; sourceTree = "<group>"; };
		0A1D1F2B159B3DAB0074D642 /* pgf+test */ = {isa = PBXFileReference; explicitFileType = "compiled.mach-o.executable"; includeInIndex = 0; path = "pgf+test"; sourceTree = BUILT_PRODUCTS_DIR; };
		0A1D1F53159B41430074D642 /* testutil.h */ = {isa = PBXFileReference; fileEncoding = 4; lastKnownFileType = sourcecode.c.h; lineEnding = 0; path = testutil.h; sourceTree = "<group>"; xcLanguageSpecificationIdentifier = xcode.lang.objcpp; };
		0A1D1F54159B46800074D642 /* IndexedPGFTest.cpp */ = {isa = PBXFileReference; fileEncoding = 4; lastKnownFileType = sourcecode.cpp.cpp; path = IndexedPGFTest.cpp; sourceTree = "<group>"; };
		0A1D1F56159B47340074D642 /* Foods.pgf */ = {isa = PBXFileReference; lastKnownFileType = file; path = Foods.pgf; sourceTree = "<group>"; };
		0A1D1F57159B47340074D642 /* Phrasebook.pgf */ = {isa = PBXFileReference; lastKnownFileType = file; path = Phrasebook.pgf; sourceTree = "<group>"; };
		0A1D1F58159B47350074D642 /* PhrasebookIndexed.pgf */ = {isa = PBXFileReference; lastKnownFileType = file; path = PhrasebookIndexed.pgf; sourceTree = "<group>"; };
		0A5F589815C13B830017359F /* FoodsPredictTest.cpp */ = {isa = PBXFileReference; fileEncoding = 4; lastKnownFileType = sourcecode.cpp.cpp; path = FoodsPredictTest.cpp; sourceTree = "<group>"; };
		0A5F589B15C13E420017359F /* AnswerTest.cpp */ = {isa = PBXFileReference; fileEncoding = 4; lastKnownFileType = sourcecode.cpp.cpp; path = AnswerTest.cpp; sourceTree = "<group>"; };
		0A5F589D15C1403C0017359F /* StartCatTest.cpp */ = {isa = PBXFileReference; fileEncoding = 4; lastKnownFileType = sourcecode.cpp.cpp; path = StartCatTest.cpp; sourceTree = "<group>"; };
		0A5F589F15C1417C0017359F /* GenerateTreesTest.cpp */ = {isa = PBXFileReference; fileEncoding = 4; lastKnownFileType = sourcecode.cpp.cpp; path = GenerateTreesTest.cpp; sourceTree = "<group>"; };
		0A8398AB15A8431B00875849 /* libpgf+.a */ = {isa = PBXFileReference; lastKnownFileType = archive.ar; name = "libpgf+.a"; path = "../../../../Library/Developer/Xcode/DerivedData/iPhrase-cixqxmwhopreqhdtkculnizzlmra/Build/Products/Debug/libpgf+.a"; sourceTree = "<group>"; };
		0A9C64FA15A5DD49005B2989 /* FoodsParseTest.cpp */ = {isa = PBXFileReference; fileEncoding = 4; lastKnownFileType = sourcecode.cpp.cpp; path = FoodsParseTest.cpp; sourceTree = "<group>"; };
		0ACD4C1F159CA94100878123 /* FoodsLinearizeTest.cpp */ = {isa = PBXFileReference; fileEncoding = 4; lastKnownFileType = sourcecode.cpp.cpp; path = FoodsLinearizeTest.cpp; sourceTree = "<group>"; };
		0ACF676A15BD5AFD00434BC6 /* MountaineeringLinearizeTest.cpp */ = {isa = PBXFileReference; fileEncoding = 4; lastKnownFileType = sourcecode.cpp.cpp; path = MountaineeringLinearizeTest.cpp; sourceTree = "<group>"; };
/* End PBXFileReference section */

/* Begin PBXFrameworksBuildPhase section */
		0A1D1F28159B3DAB0074D642 /* Frameworks */ = {
			isa = PBXFrameworksBuildPhase;
			buildActionMask = 2147483647;
			files = (
				0A8398AC15A8431B00875849 /* libpgf+.a in Frameworks */,
			);
			runOnlyForDeploymentPostprocessing = 0;
		};
/* End PBXFrameworksBuildPhase section */

/* Begin PBXGroup section */
		0A1D1F20159B3DAA0074D642 = {
			isa = PBXGroup;
			children = (
				0A8398AB15A8431B00875849 /* libpgf+.a */,
				0A1D1F2E159B3DAB0074D642 /* pgf+test */,
				0A1D1F2C159B3DAB0074D642 /* Products */,
			);
			sourceTree = "<group>";
		};
		0A1D1F2C159B3DAB0074D642 /* Products */ = {
			isa = PBXGroup;
			children = (
				0A1D1F2B159B3DAB0074D642 /* pgf+test */,
			);
			name = Products;
			sourceTree = "<group>";
		};
		0A1D1F2E159B3DAB0074D642 /* pgf+test */ = {
			isa = PBXGroup;
			children = (
				0A13EFF515BD385100BE4BB1 /* Answer.pgf */,
				0A1D1F56159B47340074D642 /* Foods.pgf */,
				0A13EFF615BD385100BE4BB1 /* Mountaineering.pgf */,
				0A1D1F57159B47340074D642 /* Phrasebook.pgf */,
				0A1D1F58159B47350074D642 /* PhrasebookIndexed.pgf */,
				0A1D1F53159B41430074D642 /* testutil.h */,
				0A5F589B15C13E420017359F /* AnswerTest.cpp */,
				0ACD4C1F159CA94100878123 /* FoodsLinearizeTest.cpp */,
				0A9C64FA15A5DD49005B2989 /* FoodsParseTest.cpp */,
				0A5F589815C13B830017359F /* FoodsPredictTest.cpp */,
				0A5F589F15C1417C0017359F /* GenerateTreesTest.cpp */,
				0A1D1F54159B46800074D642 /* IndexedPGFTest.cpp */,
				0ACF676A15BD5AFD00434BC6 /* MountaineeringLinearizeTest.cpp */,
				0A5F589D15C1403C0017359F /* StartCatTest.cpp */,
			);
			name = "pgf+test";
			path = "../pgf+/test";
			sourceTree = "<group>";
		};
/* End PBXGroup section */

/* Begin PBXNativeTarget section */
		0A1D1F2A159B3DAB0074D642 /* pgf+test */ = {
			isa = PBXNativeTarget;
			buildConfigurationList = 0A1D1F35159B3DAB0074D642 /* Build configuration list for PBXNativeTarget "pgf+test" */;
			buildPhases = (
				0A1D1F27159B3DAB0074D642 /* Sources */,
				0A1D1F28159B3DAB0074D642 /* Frameworks */,
				0A1D1F29159B3DAB0074D642 /* CopyFiles */,
			);
			buildRules = (
			);
			dependencies = (
			);
			name = "pgf+test";
			productName = "pgf+test";
			productReference = 0A1D1F2B159B3DAB0074D642 /* pgf+test */;
			productType = "com.apple.product-type.tool";
		};
/* End PBXNativeTarget section */

/* Begin PBXProject section */
		0A1D1F22159B3DAB0074D642 /* Project object */ = {
			isa = PBXProject;
			attributes = {
				LastUpgradeCheck = 0420;
				ORGANIZATIONNAME = Chalmers;
			};
			buildConfigurationList = 0A1D1F25159B3DAB0074D642 /* Build configuration list for PBXProject "pgf+test" */;
			compatibilityVersion = "Xcode 3.2";
			developmentRegion = English;
			hasScannedForEncodings = 0;
			knownRegions = (
				en,
			);
			mainGroup = 0A1D1F20159B3DAA0074D642;
			productRefGroup = 0A1D1F2C159B3DAB0074D642 /* Products */;
			projectDirPath = "";
			projectRoot = "";
			targets = (
				0A1D1F2A159B3DAB0074D642 /* pgf+test */,
			);
		};
/* End PBXProject section */

/* Begin PBXSourcesBuildPhase section */
		0A1D1F27159B3DAB0074D642 /* Sources */ = {
			isa = PBXSourcesBuildPhase;
			buildActionMask = 2147483647;
			files = (
				0A1D1F55159B46800074D642 /* IndexedPGFTest.cpp in Sources */,
				0ACD4C20159CA94100878123 /* FoodsLinearizeTest.cpp in Sources */,
				0A9C64FB15A5DD49005B2989 /* FoodsParseTest.cpp in Sources */,
				0ACF676B15BD5AFD00434BC6 /* MountaineeringLinearizeTest.cpp in Sources */,
				0A5F589915C13B830017359F /* FoodsPredictTest.cpp in Sources */,
				0A5F589C15C13E420017359F /* AnswerTest.cpp in Sources */,
				0A5F589E15C1403C0017359F /* StartCatTest.cpp in Sources */,
				0A5F58A015C1417D0017359F /* GenerateTreesTest.cpp in Sources */,
			);
			runOnlyForDeploymentPostprocessing = 0;
		};
/* End PBXSourcesBuildPhase section */

/* Begin XCBuildConfiguration section */
		0A1D1F33159B3DAB0074D642 /* Debug */ = {
			isa = XCBuildConfiguration;
			buildSettings = {
				ALWAYS_SEARCH_USER_PATHS = NO;
				ARCHS = "$(ARCHS_STANDARD_64_BIT)";
				COPY_PHASE_STRIP = NO;
				GCC_C_LANGUAGE_STANDARD = gnu99;
				GCC_DYNAMIC_NO_PIC = NO;
				GCC_ENABLE_OBJC_EXCEPTIONS = YES;
				GCC_OPTIMIZATION_LEVEL = 0;
				GCC_PREPROCESSOR_DEFINITIONS = (
					"DEBUG=1",
					"$(inherited)",
				);
				GCC_SYMBOLS_PRIVATE_EXTERN = NO;
				GCC_VERSION = com.apple.compilers.llvm.clang.1_0;
				GCC_WARN_64_TO_32_BIT_CONVERSION = YES;
				GCC_WARN_ABOUT_MISSING_PROTOTYPES = YES;
				GCC_WARN_ABOUT_RETURN_TYPE = YES;
				GCC_WARN_UNUSED_VARIABLE = YES;
				MACOSX_DEPLOYMENT_TARGET = 10.7;
				ONLY_ACTIVE_ARCH = YES;
				SDKROOT = macosx;
			};
			name = Debug;
		};
		0A1D1F34159B3DAB0074D642 /* Release */ = {
			isa = XCBuildConfiguration;
			buildSettings = {
				ALWAYS_SEARCH_USER_PATHS = NO;
				ARCHS = "$(ARCHS_STANDARD_64_BIT)";
				COPY_PHASE_STRIP = YES;
				DEBUG_INFORMATION_FORMAT = "dwarf-with-dsym";
				GCC_C_LANGUAGE_STANDARD = gnu99;
				GCC_ENABLE_OBJC_EXCEPTIONS = YES;
				GCC_VERSION = com.apple.compilers.llvm.clang.1_0;
				GCC_WARN_64_TO_32_BIT_CONVERSION = YES;
				GCC_WARN_ABOUT_MISSING_PROTOTYPES = YES;
				GCC_WARN_ABOUT_RETURN_TYPE = YES;
				GCC_WARN_UNUSED_VARIABLE = YES;
				MACOSX_DEPLOYMENT_TARGET = 10.7;
				SDKROOT = macosx;
			};
			name = Release;
		};
		0A1D1F36159B3DAB0074D642 /* Debug */ = {
			isa = XCBuildConfiguration;
			buildSettings = {
				HEADER_SEARCH_PATHS = (
					"../pgf+/include",
					"../gtest/gtest-1.6.0/include",
				);
				LIBRARY_SEARCH_PATHS = (
					../gtest/build/lib/.libs,
					"\"$(SRCROOT)/../../../../Library/Developer/Xcode/DerivedData/iPhrase-cixqxmwhopreqhdtkculnizzlmra/Build/Products/Debug\"",
				);
				OTHER_LDFLAGS = (
					"-lgtest_main",
					"-lgtest",
				);
				PRODUCT_NAME = "$(TARGET_NAME)";
				WARNING_LDFLAGS = "";
			};
			name = Debug;
		};
		0A1D1F37159B3DAB0074D642 /* Release */ = {
			isa = XCBuildConfiguration;
			buildSettings = {
				HEADER_SEARCH_PATHS = (
					"../pgf+/include",
					"../gtest/gtest-1.6.0/include",
				);
				LIBRARY_SEARCH_PATHS = (
					../gtest/build/lib/.libs,
					"\"$(SRCROOT)/../../../../Library/Developer/Xcode/DerivedData/iPhrase-cixqxmwhopreqhdtkculnizzlmra/Build/Products/Debug\"",
				);
				OTHER_LDFLAGS = (
					"-lgtest_main",
					"-lgtest",
				);
				PRODUCT_NAME = "$(TARGET_NAME)";
				WARNING_LDFLAGS = "";
			};
			name = Release;
		};
/* End XCBuildConfiguration section */

/* Begin XCConfigurationList section */
		0A1D1F25159B3DAB0074D642 /* Build configuration list for PBXProject "pgf+test" */ = {
			isa = XCConfigurationList;
			buildConfigurations = (
				0A1D1F33159B3DAB0074D642 /* Debug */,
				0A1D1F34159B3DAB0074D642 /* Release */,
			);
			defaultConfigurationIsVisible = 0;
			defaultConfigurationName = Release;
		};
		0A1D1F35159B3DAB0074D642 /* Build configuration list for PBXNativeTarget "pgf+test" */ = {
			isa = XCConfigurationList;
			buildConfigurations = (
				0A1D1F36159B3DAB0074D642 /* Debug */,
				0A1D1F37159B3DAB0074D642 /* Release */,
			);
			defaultConfigurationIsVisible = 0;
			defaultConfigurationName = Release;
		};
/* End XCConfigurationList section */
	};
	rootObject = 0A1D1F22159B3DAB0074D642 /* Project object */;
}
