// !$*UTF8*$!
{
	archiveVersion = 1;
	classes = {
	};
	objectVersion = 46;
	objects = {

/* Begin PBXBuildFile section */
		0A1D1EC41599AD200074D642 /* Exception.cpp in Sources */ = {isa = PBXBuildFile; fileRef = 0A1D1EBE1599AD200074D642 /* Exception.cpp */; };
		0A1D1EC51599AD200074D642 /* IOException.cpp in Sources */ = {isa = PBXBuildFile; fileRef = 0A1D1EBF1599AD200074D642 /* IOException.cpp */; };
		0A1D1EC61599AD200074D642 /* PGFReader.cpp in Sources */ = {isa = PBXBuildFile; fileRef = 0A1D1EC01599AD200074D642 /* PGFReader.cpp */; };
		0A1D1EC71599AD200074D642 /* RefBase.cpp in Sources */ = {isa = PBXBuildFile; fileRef = 0A1D1EC11599AD200074D642 /* RefBase.cpp */; };
		0A1D1EC81599AD200074D642 /* UnknownCategoryException.cpp in Sources */ = {isa = PBXBuildFile; fileRef = 0A1D1EC21599AD200074D642 /* UnknownCategoryException.cpp */; };
		0A1D1EC91599AD200074D642 /* UnknownLanguageException.cpp in Sources */ = {isa = PBXBuildFile; fileRef = 0A1D1EC31599AD200074D642 /* UnknownLanguageException.cpp */; };
		0A1D1ECB1599AD950074D642 /* AbsCat.cpp in Sources */ = {isa = PBXBuildFile; fileRef = 0A1D1ECA1599AD950074D642 /* AbsCat.cpp */; };
		0A1D1ECD1599B0540074D642 /* AbsFun.cpp in Sources */ = {isa = PBXBuildFile; fileRef = 0A1D1ECC1599B0540074D642 /* AbsFun.cpp */; };
		0A1D1ECF1599B12F0074D642 /* AbsNameExp.cpp in Sources */ = {isa = PBXBuildFile; fileRef = 0A1D1ECE1599B12F0074D642 /* AbsNameExp.cpp */; };
		0A1D1ED11599B1CA0074D642 /* Abstract.cpp in Sources */ = {isa = PBXBuildFile; fileRef = 0A1D1ED01599B1CA0074D642 /* Abstract.cpp */; };
		0A1D1ED31599B73A0074D642 /* Alternative.cpp in Sources */ = {isa = PBXBuildFile; fileRef = 0A1D1ED21599B73A0074D642 /* Alternative.cpp */; };
		0A1D1ED51599B8670074D642 /* AlternToksSymbol.cpp in Sources */ = {isa = PBXBuildFile; fileRef = 0A1D1ED41599B8660074D642 /* AlternToksSymbol.cpp */; };
		0A1D1ED71599BE590074D642 /* AppExp.cpp in Sources */ = {isa = PBXBuildFile; fileRef = 0A1D1ED61599BE580074D642 /* AppExp.cpp */; };
		0A1D1ED91599BF5E0074D642 /* ApplProduction.cpp in Sources */ = {isa = PBXBuildFile; fileRef = 0A1D1ED81599BF5D0074D642 /* ApplProduction.cpp */; };
		0A1D1EDB1599C1FE0074D642 /* AppPattern.cpp in Sources */ = {isa = PBXBuildFile; fileRef = 0A1D1EDA1599C1FD0074D642 /* AppPattern.cpp */; };
		0A1D1EDD1599C41C0074D642 /* ArgConstSymbol.cpp in Sources */ = {isa = PBXBuildFile; fileRef = 0A1D1EDC1599C41B0074D642 /* ArgConstSymbol.cpp */; };
		0A1D1EDF1599C5DE0074D642 /* CncCat.cpp in Sources */ = {isa = PBXBuildFile; fileRef = 0A1D1EDE1599C5DD0074D642 /* CncCat.cpp */; };
		0A1D1EE11599C7220074D642 /* CncFun.cpp in Sources */ = {isa = PBXBuildFile; fileRef = 0A1D1EE01599C7210074D642 /* CncFun.cpp */; };
		0A1D1EE31599EC240074D642 /* CoerceProduction.cpp in Sources */ = {isa = PBXBuildFile; fileRef = 0A1D1EE21599EC230074D642 /* CoerceProduction.cpp */; };
		0A1D1EE51599EDC60074D642 /* Concrete.cpp in Sources */ = {isa = PBXBuildFile; fileRef = 0A1D1EE41599EDC50074D642 /* Concrete.cpp */; };
		0A1D1EE71599F46C0074D642 /* Eq.cpp in Sources */ = {isa = PBXBuildFile; fileRef = 0A1D1EE61599F46B0074D642 /* Eq.cpp */; };
		0A1D1EE91599F5C80074D642 /* Expr.cpp in Sources */ = {isa = PBXBuildFile; fileRef = 0A1D1EE81599F5C70074D642 /* Expr.cpp */; };
		0A1D1EEB1599F6040074D642 /* FloatLit.cpp in Sources */ = {isa = PBXBuildFile; fileRef = 0A1D1EEA1599F6030074D642 /* FloatLit.cpp */; };
		0A1D1EED1599F6A80074D642 /* Hypo.cpp in Sources */ = {isa = PBXBuildFile; fileRef = 0A1D1EEC1599F6A60074D642 /* Hypo.cpp */; };
		0A1D1EEF1599F8FB0074D642 /* ImpArgPattern.cpp in Sources */ = {isa = PBXBuildFile; fileRef = 0A1D1EEE1599F8F90074D642 /* ImpArgPattern.cpp */; };
		0A1D1EF11599F97F0074D642 /* ImplExp.cpp in Sources */ = {isa = PBXBuildFile; fileRef = 0A1D1EF01599F97D0074D642 /* ImplExp.cpp */; };
		0A1D1EF31599FA0C0074D642 /* InaccPattern.cpp in Sources */ = {isa = PBXBuildFile; fileRef = 0A1D1EF21599FA0A0074D642 /* InaccPattern.cpp */; };
		0A1D1EF51599FA840074D642 /* IntLit.cpp in Sources */ = {isa = PBXBuildFile; fileRef = 0A1D1EF41599FA810074D642 /* IntLit.cpp */; };
/* End PBXBuildFile section */

/* Begin PBXFileReference section */
		0A1D1E29159496140074D642 /* libpgf+.a */ = {isa = PBXFileReference; explicitFileType = archive.ar; includeInIndex = 0; path = "libpgf+.a"; sourceTree = BUILT_PRODUCTS_DIR; };
		0A1D1E321594975C0074D642 /* include */ = {isa = PBXFileReference; lastKnownFileType = folder; path = include; sourceTree = "<group>"; };
		0A1D1E3315949D3F0074D642 /* src */ = {isa = PBXFileReference; lastKnownFileType = folder; path = src; sourceTree = "<group>"; };
		0A1D1EBE1599AD200074D642 /* Exception.cpp */ = {isa = PBXFileReference; fileEncoding = 4; lastKnownFileType = sourcecode.cpp.cpp; path = Exception.cpp; sourceTree = "<group>"; };
		0A1D1EBF1599AD200074D642 /* IOException.cpp */ = {isa = PBXFileReference; fileEncoding = 4; lastKnownFileType = sourcecode.cpp.cpp; path = IOException.cpp; sourceTree = "<group>"; };
		0A1D1EC01599AD200074D642 /* PGFReader.cpp */ = {isa = PBXFileReference; fileEncoding = 4; lastKnownFileType = sourcecode.cpp.cpp; path = PGFReader.cpp; sourceTree = "<group>"; };
		0A1D1EC11599AD200074D642 /* RefBase.cpp */ = {isa = PBXFileReference; fileEncoding = 4; lastKnownFileType = sourcecode.cpp.cpp; path = RefBase.cpp; sourceTree = "<group>"; };
		0A1D1EC21599AD200074D642 /* UnknownCategoryException.cpp */ = {isa = PBXFileReference; fileEncoding = 4; lastKnownFileType = sourcecode.cpp.cpp; path = UnknownCategoryException.cpp; sourceTree = "<group>"; };
		0A1D1EC31599AD200074D642 /* UnknownLanguageException.cpp */ = {isa = PBXFileReference; fileEncoding = 4; lastKnownFileType = sourcecode.cpp.cpp; path = UnknownLanguageException.cpp; sourceTree = "<group>"; };
		0A1D1ECA1599AD950074D642 /* AbsCat.cpp */ = {isa = PBXFileReference; fileEncoding = 4; lastKnownFileType = sourcecode.cpp.cpp; path = AbsCat.cpp; sourceTree = "<group>"; };
		0A1D1ECC1599B0540074D642 /* AbsFun.cpp */ = {isa = PBXFileReference; fileEncoding = 4; lastKnownFileType = sourcecode.cpp.cpp; path = AbsFun.cpp; sourceTree = "<group>"; };
		0A1D1ECE1599B12F0074D642 /* AbsNameExp.cpp */ = {isa = PBXFileReference; fileEncoding = 4; lastKnownFileType = sourcecode.cpp.cpp; path = AbsNameExp.cpp; sourceTree = "<group>"; };
		0A1D1ED01599B1CA0074D642 /* Abstract.cpp */ = {isa = PBXFileReference; fileEncoding = 4; lastKnownFileType = sourcecode.cpp.cpp; path = Abstract.cpp; sourceTree = "<group>"; };
		0A1D1ED21599B73A0074D642 /* Alternative.cpp */ = {isa = PBXFileReference; fileEncoding = 4; lastKnownFileType = sourcecode.cpp.cpp; path = Alternative.cpp; sourceTree = "<group>"; };
		0A1D1ED41599B8660074D642 /* AlternToksSymbol.cpp */ = {isa = PBXFileReference; fileEncoding = 4; lastKnownFileType = sourcecode.cpp.cpp; path = AlternToksSymbol.cpp; sourceTree = "<group>"; };
		0A1D1ED61599BE580074D642 /* AppExp.cpp */ = {isa = PBXFileReference; fileEncoding = 4; lastKnownFileType = sourcecode.cpp.cpp; path = AppExp.cpp; sourceTree = "<group>"; };
		0A1D1ED81599BF5D0074D642 /* ApplProduction.cpp */ = {isa = PBXFileReference; fileEncoding = 4; lastKnownFileType = sourcecode.cpp.cpp; path = ApplProduction.cpp; sourceTree = "<group>"; };
		0A1D1EDA1599C1FD0074D642 /* AppPattern.cpp */ = {isa = PBXFileReference; fileEncoding = 4; lastKnownFileType = sourcecode.cpp.cpp; path = AppPattern.cpp; sourceTree = "<group>"; };
		0A1D1EDC1599C41B0074D642 /* ArgConstSymbol.cpp */ = {isa = PBXFileReference; fileEncoding = 4; lastKnownFileType = sourcecode.cpp.cpp; path = ArgConstSymbol.cpp; sourceTree = "<group>"; };
		0A1D1EDE1599C5DD0074D642 /* CncCat.cpp */ = {isa = PBXFileReference; fileEncoding = 4; lastKnownFileType = sourcecode.cpp.cpp; path = CncCat.cpp; sourceTree = "<group>"; };
		0A1D1EE01599C7210074D642 /* CncFun.cpp */ = {isa = PBXFileReference; fileEncoding = 4; lastKnownFileType = sourcecode.cpp.cpp; path = CncFun.cpp; sourceTree = "<group>"; };
		0A1D1EE21599EC230074D642 /* CoerceProduction.cpp */ = {isa = PBXFileReference; fileEncoding = 4; lastKnownFileType = sourcecode.cpp.cpp; path = CoerceProduction.cpp; sourceTree = "<group>"; };
		0A1D1EE41599EDC50074D642 /* Concrete.cpp */ = {isa = PBXFileReference; fileEncoding = 4; lastKnownFileType = sourcecode.cpp.cpp; path = Concrete.cpp; sourceTree = "<group>"; };
		0A1D1EE61599F46B0074D642 /* Eq.cpp */ = {isa = PBXFileReference; fileEncoding = 4; lastKnownFileType = sourcecode.cpp.cpp; path = Eq.cpp; sourceTree = "<group>"; };
		0A1D1EE81599F5C70074D642 /* Expr.cpp */ = {isa = PBXFileReference; fileEncoding = 4; lastKnownFileType = sourcecode.cpp.cpp; path = Expr.cpp; sourceTree = "<group>"; };
		0A1D1EEA1599F6030074D642 /* FloatLit.cpp */ = {isa = PBXFileReference; fileEncoding = 4; lastKnownFileType = sourcecode.cpp.cpp; path = FloatLit.cpp; sourceTree = "<group>"; };
		0A1D1EEC1599F6A60074D642 /* Hypo.cpp */ = {isa = PBXFileReference; fileEncoding = 4; lastKnownFileType = sourcecode.cpp.cpp; path = Hypo.cpp; sourceTree = "<group>"; };
		0A1D1EEE1599F8F90074D642 /* ImpArgPattern.cpp */ = {isa = PBXFileReference; fileEncoding = 4; lastKnownFileType = sourcecode.cpp.cpp; path = ImpArgPattern.cpp; sourceTree = "<group>"; };
		0A1D1EF01599F97D0074D642 /* ImplExp.cpp */ = {isa = PBXFileReference; fileEncoding = 4; lastKnownFileType = sourcecode.cpp.cpp; path = ImplExp.cpp; sourceTree = "<group>"; };
		0A1D1EF21599FA0A0074D642 /* InaccPattern.cpp */ = {isa = PBXFileReference; fileEncoding = 4; lastKnownFileType = sourcecode.cpp.cpp; path = InaccPattern.cpp; sourceTree = "<group>"; };
		0A1D1EF41599FA810074D642 /* IntLit.cpp */ = {isa = PBXFileReference; fileEncoding = 4; lastKnownFileType = sourcecode.cpp.cpp; path = IntLit.cpp; sourceTree = "<group>"; };
/* End PBXFileReference section */

/* Begin PBXFrameworksBuildPhase section */
		0A1D1E26159496140074D642 /* Frameworks */ = {
			isa = PBXFrameworksBuildPhase;
			buildActionMask = 2147483647;
			files = (
			);
			runOnlyForDeploymentPostprocessing = 0;
		};
/* End PBXFrameworksBuildPhase section */

/* Begin PBXGroup section */
		0A1D1E1E159496140074D642 = {
			isa = PBXGroup;
			children = (
				0A1D1E79159835770074D642 /* Sources */,
				0A1D1E3315949D3F0074D642 /* src */,
				0A1D1E321594975C0074D642 /* include */,
				0A1D1E2A159496140074D642 /* Products */,
			);
			sourceTree = "<group>";
		};
		0A1D1E2A159496140074D642 /* Products */ = {
			isa = PBXGroup;
			children = (
				0A1D1E29159496140074D642 /* libpgf+.a */,
			);
			name = Products;
			sourceTree = "<group>";
		};
		0A1D1E79159835770074D642 /* Sources */ = {
			isa = PBXGroup;
			children = (
				0A1D1EBE1599AD200074D642 /* Exception.cpp */,
				0A1D1EBF1599AD200074D642 /* IOException.cpp */,
				0A1D1EC01599AD200074D642 /* PGFReader.cpp */,
				0A1D1EC11599AD200074D642 /* RefBase.cpp */,
				0A1D1EC21599AD200074D642 /* UnknownCategoryException.cpp */,
				0A1D1EC31599AD200074D642 /* UnknownLanguageException.cpp */,
				0A1D1EBB1599AC350074D642 /* reader */,
			);
			name = Sources;
			path = src;
			sourceTree = "<group>";
		};
		0A1D1EBB1599AC350074D642 /* reader */ = {
			isa = PBXGroup;
			children = (
				0A1D1ECA1599AD950074D642 /* AbsCat.cpp */,
				0A1D1ECC1599B0540074D642 /* AbsFun.cpp */,
				0A1D1ECE1599B12F0074D642 /* AbsNameExp.cpp */,
				0A1D1ED01599B1CA0074D642 /* Abstract.cpp */,
				0A1D1ED21599B73A0074D642 /* Alternative.cpp */,
				0A1D1ED41599B8660074D642 /* AlternToksSymbol.cpp */,
				0A1D1ED61599BE580074D642 /* AppExp.cpp */,
				0A1D1ED81599BF5D0074D642 /* ApplProduction.cpp */,
				0A1D1EDA1599C1FD0074D642 /* AppPattern.cpp */,
				0A1D1EDC1599C41B0074D642 /* ArgConstSymbol.cpp */,
				0A1D1EDE1599C5DD0074D642 /* CncCat.cpp */,
				0A1D1EE01599C7210074D642 /* CncFun.cpp */,
				0A1D1EE21599EC230074D642 /* CoerceProduction.cpp */,
				0A1D1EE41599EDC50074D642 /* Concrete.cpp */,
				0A1D1EE61599F46B0074D642 /* Eq.cpp */,
				0A1D1EE81599F5C70074D642 /* Expr.cpp */,
				0A1D1EEA1599F6030074D642 /* FloatLit.cpp */,
				0A1D1EEC1599F6A60074D642 /* Hypo.cpp */,
				0A1D1EEE1599F8F90074D642 /* ImpArgPattern.cpp */,
				0A1D1EF01599F97D0074D642 /* ImplExp.cpp */,
				0A1D1EF21599FA0A0074D642 /* InaccPattern.cpp */,
				0A1D1EF41599FA810074D642 /* IntLit.cpp */,
			);
			path = reader;
			sourceTree = "<group>";
		};
/* End PBXGroup section */

/* Begin PBXHeadersBuildPhase section */
		0A1D1E27159496140074D642 /* Headers */ = {
			isa = PBXHeadersBuildPhase;
			buildActionMask = 2147483647;
			files = (
			);
			runOnlyForDeploymentPostprocessing = 0;
		};
/* End PBXHeadersBuildPhase section */

/* Begin PBXNativeTarget section */
		0A1D1E28159496140074D642 /* pgf+ */ = {
			isa = PBXNativeTarget;
			buildConfigurationList = 0A1D1E2D159496140074D642 /* Build configuration list for PBXNativeTarget "pgf+" */;
			buildPhases = (
				0A1D1E25159496140074D642 /* Sources */,
				0A1D1E26159496140074D642 /* Frameworks */,
				0A1D1E27159496140074D642 /* Headers */,
			);
			buildRules = (
			);
			dependencies = (
			);
			name = "pgf+";
			productName = "pgf+";
			productReference = 0A1D1E29159496140074D642 /* libpgf+.a */;
			productType = "com.apple.product-type.library.static";
		};
/* End PBXNativeTarget section */

/* Begin PBXProject section */
		0A1D1E20159496140074D642 /* Project object */ = {
			isa = PBXProject;
			attributes = {
				LastUpgradeCheck = 0420;
				ORGANIZATIONNAME = "Chalmers University of Technology";
			};
			buildConfigurationList = 0A1D1E23159496140074D642 /* Build configuration list for PBXProject "pgf+" */;
			compatibilityVersion = "Xcode 3.2";
			developmentRegion = English;
			hasScannedForEncodings = 0;
			knownRegions = (
				en,
			);
			mainGroup = 0A1D1E1E159496140074D642;
			productRefGroup = 0A1D1E2A159496140074D642 /* Products */;
			projectDirPath = "";
			projectRoot = "";
			targets = (
				0A1D1E28159496140074D642 /* pgf+ */,
			);
		};
/* End PBXProject section */

/* Begin PBXSourcesBuildPhase section */
		0A1D1E25159496140074D642 /* Sources */ = {
			isa = PBXSourcesBuildPhase;
			buildActionMask = 2147483647;
			files = (
				0A1D1EC41599AD200074D642 /* Exception.cpp in Sources */,
				0A1D1EC51599AD200074D642 /* IOException.cpp in Sources */,
				0A1D1EC61599AD200074D642 /* PGFReader.cpp in Sources */,
				0A1D1EC71599AD200074D642 /* RefBase.cpp in Sources */,
				0A1D1EC81599AD200074D642 /* UnknownCategoryException.cpp in Sources */,
				0A1D1EC91599AD200074D642 /* UnknownLanguageException.cpp in Sources */,
				0A1D1ECB1599AD950074D642 /* AbsCat.cpp in Sources */,
				0A1D1ECD1599B0540074D642 /* AbsFun.cpp in Sources */,
				0A1D1ECF1599B12F0074D642 /* AbsNameExp.cpp in Sources */,
				0A1D1ED11599B1CA0074D642 /* Abstract.cpp in Sources */,
				0A1D1ED31599B73A0074D642 /* Alternative.cpp in Sources */,
				0A1D1ED51599B8670074D642 /* AlternToksSymbol.cpp in Sources */,
				0A1D1ED71599BE590074D642 /* AppExp.cpp in Sources */,
				0A1D1ED91599BF5E0074D642 /* ApplProduction.cpp in Sources */,
				0A1D1EDB1599C1FE0074D642 /* AppPattern.cpp in Sources */,
				0A1D1EDD1599C41C0074D642 /* ArgConstSymbol.cpp in Sources */,
				0A1D1EDF1599C5DE0074D642 /* CncCat.cpp in Sources */,
				0A1D1EE11599C7220074D642 /* CncFun.cpp in Sources */,
				0A1D1EE31599EC240074D642 /* CoerceProduction.cpp in Sources */,
				0A1D1EE51599EDC60074D642 /* Concrete.cpp in Sources */,
				0A1D1EE71599F46C0074D642 /* Eq.cpp in Sources */,
				0A1D1EE91599F5C80074D642 /* Expr.cpp in Sources */,
				0A1D1EEB1599F6040074D642 /* FloatLit.cpp in Sources */,
				0A1D1EED1599F6A80074D642 /* Hypo.cpp in Sources */,
				0A1D1EEF1599F8FB0074D642 /* ImpArgPattern.cpp in Sources */,
				0A1D1EF11599F97F0074D642 /* ImplExp.cpp in Sources */,
				0A1D1EF31599FA0C0074D642 /* InaccPattern.cpp in Sources */,
				0A1D1EF51599FA840074D642 /* IntLit.cpp in Sources */,
			);
			runOnlyForDeploymentPostprocessing = 0;
		};
/* End PBXSourcesBuildPhase section */

/* Begin XCBuildConfiguration section */
		0A1D1E2B159496140074D642 /* Debug */ = {
			isa = XCBuildConfiguration;
			buildSettings = {
				ALWAYS_SEARCH_USER_PATHS = NO;
				ARCHS = "$(ARCHS_STANDARD_64_BIT)";
				COPY_PHASE_STRIP = NO;
				GCC_C_LANGUAGE_STANDARD = gnu99;
				GCC_DYNAMIC_NO_PIC = NO;
				GCC_ENABLE_OBJC_EXCEPTIONS = YES;
				GCC_OPTIMIZATION_LEVEL = 0;
				GCC_PREPROCESSOR_DEFINITIONS = (
					"DEBUG=1",
					"$(inherited)",
				);
				GCC_SYMBOLS_PRIVATE_EXTERN = NO;
				GCC_VERSION = com.apple.compilers.llvm.clang.1_0;
				GCC_WARN_64_TO_32_BIT_CONVERSION = YES;
				GCC_WARN_ABOUT_MISSING_PROTOTYPES = YES;
				GCC_WARN_ABOUT_RETURN_TYPE = YES;
				GCC_WARN_UNUSED_VARIABLE = YES;
				MACOSX_DEPLOYMENT_TARGET = 10.7;
				ONLY_ACTIVE_ARCH = YES;
				SDKROOT = macosx;
			};
			name = Debug;
		};
		0A1D1E2C159496140074D642 /* Release */ = {
			isa = XCBuildConfiguration;
			buildSettings = {
				ALWAYS_SEARCH_USER_PATHS = NO;
				ARCHS = "$(ARCHS_STANDARD_64_BIT)";
				COPY_PHASE_STRIP = YES;
				DEBUG_INFORMATION_FORMAT = "dwarf-with-dsym";
				GCC_C_LANGUAGE_STANDARD = gnu99;
				GCC_ENABLE_OBJC_EXCEPTIONS = YES;
				GCC_VERSION = com.apple.compilers.llvm.clang.1_0;
				GCC_WARN_64_TO_32_BIT_CONVERSION = YES;
				GCC_WARN_ABOUT_MISSING_PROTOTYPES = YES;
				GCC_WARN_ABOUT_RETURN_TYPE = YES;
				GCC_WARN_UNUSED_VARIABLE = YES;
				MACOSX_DEPLOYMENT_TARGET = 10.7;
				SDKROOT = macosx;
			};
			name = Release;
		};
		0A1D1E2E159496140074D642 /* Debug */ = {
			isa = XCBuildConfiguration;
			buildSettings = {
				EXECUTABLE_PREFIX = lib;
				HEADER_SEARCH_PATHS = include;
				PRODUCT_NAME = "$(TARGET_NAME)";
			};
			name = Debug;
		};
		0A1D1E2F159496140074D642 /* Release */ = {
			isa = XCBuildConfiguration;
			buildSettings = {
				EXECUTABLE_PREFIX = lib;
				HEADER_SEARCH_PATHS = include;
				PRODUCT_NAME = "$(TARGET_NAME)";
			};
			name = Release;
		};
/* End XCBuildConfiguration section */

/* Begin XCConfigurationList section */
		0A1D1E23159496140074D642 /* Build configuration list for PBXProject "pgf+" */ = {
			isa = XCConfigurationList;
			buildConfigurations = (
				0A1D1E2B159496140074D642 /* Debug */,
				0A1D1E2C159496140074D642 /* Release */,
			);
			defaultConfigurationIsVisible = 0;
			defaultConfigurationName = Release;
		};
		0A1D1E2D159496140074D642 /* Build configuration list for PBXNativeTarget "pgf+" */ = {
			isa = XCConfigurationList;
			buildConfigurations = (
				0A1D1E2E159496140074D642 /* Debug */,
				0A1D1E2F159496140074D642 /* Release */,
			);
			defaultConfigurationIsVisible = 0;
			defaultConfigurationName = Release;
		};
/* End XCConfigurationList section */
	};
	rootObject = 0A1D1E20159496140074D642 /* Project object */;
}
