// !$*UTF8*$!
{
	archiveVersion = 1;
	classes = {
	};
	objectVersion = 46;
	objects = {

/* Begin PBXBuildFile section */
		0A1D1EC41599AD200074D642 /* Exception.cpp in Sources */ = {isa = PBXBuildFile; fileRef = 0A1D1EBE1599AD200074D642 /* Exception.cpp */; };
		0A1D1EC51599AD200074D642 /* IOException.cpp in Sources */ = {isa = PBXBuildFile; fileRef = 0A1D1EBF1599AD200074D642 /* IOException.cpp */; };
		0A1D1EC61599AD200074D642 /* PGFReader.cpp in Sources */ = {isa = PBXBuildFile; fileRef = 0A1D1EC01599AD200074D642 /* PGFReader.cpp */; };
		0A1D1EC71599AD200074D642 /* RefBase.cpp in Sources */ = {isa = PBXBuildFile; fileRef = 0A1D1EC11599AD200074D642 /* RefBase.cpp */; };
		0A1D1EC81599AD200074D642 /* UnknownCategoryException.cpp in Sources */ = {isa = PBXBuildFile; fileRef = 0A1D1EC21599AD200074D642 /* UnknownCategoryException.cpp */; };
		0A1D1EC91599AD200074D642 /* UnknownLanguageException.cpp in Sources */ = {isa = PBXBuildFile; fileRef = 0A1D1EC31599AD200074D642 /* UnknownLanguageException.cpp */; };
/* End PBXBuildFile section */

/* Begin PBXFileReference section */
		0A1D1E29159496140074D642 /* libpgf+.a */ = {isa = PBXFileReference; explicitFileType = archive.ar; includeInIndex = 0; path = "libpgf+.a"; sourceTree = BUILT_PRODUCTS_DIR; };
		0A1D1E321594975C0074D642 /* include */ = {isa = PBXFileReference; lastKnownFileType = folder; path = include; sourceTree = "<group>"; };
		0A1D1E3315949D3F0074D642 /* src */ = {isa = PBXFileReference; lastKnownFileType = folder; path = src; sourceTree = "<group>"; };
		0A1D1EBE1599AD200074D642 /* Exception.cpp */ = {isa = PBXFileReference; fileEncoding = 4; lastKnownFileType = sourcecode.cpp.cpp; path = Exception.cpp; sourceTree = "<group>"; };
		0A1D1EBF1599AD200074D642 /* IOException.cpp */ = {isa = PBXFileReference; fileEncoding = 4; lastKnownFileType = sourcecode.cpp.cpp; path = IOException.cpp; sourceTree = "<group>"; };
		0A1D1EC01599AD200074D642 /* PGFReader.cpp */ = {isa = PBXFileReference; fileEncoding = 4; lastKnownFileType = sourcecode.cpp.cpp; path = PGFReader.cpp; sourceTree = "<group>"; };
		0A1D1EC11599AD200074D642 /* RefBase.cpp */ = {isa = PBXFileReference; fileEncoding = 4; lastKnownFileType = sourcecode.cpp.cpp; path = RefBase.cpp; sourceTree = "<group>"; };
		0A1D1EC21599AD200074D642 /* UnknownCategoryException.cpp */ = {isa = PBXFileReference; fileEncoding = 4; lastKnownFileType = sourcecode.cpp.cpp; path = UnknownCategoryException.cpp; sourceTree = "<group>"; };
		0A1D1EC31599AD200074D642 /* UnknownLanguageException.cpp */ = {isa = PBXFileReference; fileEncoding = 4; lastKnownFileType = sourcecode.cpp.cpp; path = UnknownLanguageException.cpp; sourceTree = "<group>"; };
/* End PBXFileReference section */

/* Begin PBXFrameworksBuildPhase section */
		0A1D1E26159496140074D642 /* Frameworks */ = {
			isa = PBXFrameworksBuildPhase;
			buildActionMask = 2147483647;
			files = (
			);
			runOnlyForDeploymentPostprocessing = 0;
		};
/* End PBXFrameworksBuildPhase section */

/* Begin PBXGroup section */
		0A1D1E1E159496140074D642 = {
			isa = PBXGroup;
			children = (
				0A1D1E79159835770074D642 /* Sources */,
				0A1D1E3315949D3F0074D642 /* src */,
				0A1D1E321594975C0074D642 /* include */,
				0A1D1E2A159496140074D642 /* Products */,
			);
			sourceTree = "<group>";
		};
		0A1D1E2A159496140074D642 /* Products */ = {
			isa = PBXGroup;
			children = (
				0A1D1E29159496140074D642 /* libpgf+.a */,
			);
			name = Products;
			sourceTree = "<group>";
		};
		0A1D1E79159835770074D642 /* Sources */ = {
			isa = PBXGroup;
			children = (
				0A1D1EBE1599AD200074D642 /* Exception.cpp */,
				0A1D1EBF1599AD200074D642 /* IOException.cpp */,
				0A1D1EC01599AD200074D642 /* PGFReader.cpp */,
				0A1D1EC11599AD200074D642 /* RefBase.cpp */,
				0A1D1EC21599AD200074D642 /* UnknownCategoryException.cpp */,
				0A1D1EC31599AD200074D642 /* UnknownLanguageException.cpp */,
				0A1D1EBB1599AC350074D642 /* reader */,
			);
			name = Sources;
			path = src;
			sourceTree = "<group>";
		};
		0A1D1EBB1599AC350074D642 /* reader */ = {
			isa = PBXGroup;
			children = (
			);
			path = reader;
			sourceTree = "<group>";
		};
/* End PBXGroup section */

/* Begin PBXHeadersBuildPhase section */
		0A1D1E27159496140074D642 /* Headers */ = {
			isa = PBXHeadersBuildPhase;
			buildActionMask = 2147483647;
			files = (
			);
			runOnlyForDeploymentPostprocessing = 0;
		};
/* End PBXHeadersBuildPhase section */

/* Begin PBXNativeTarget section */
		0A1D1E28159496140074D642 /* pgf+ */ = {
			isa = PBXNativeTarget;
			buildConfigurationList = 0A1D1E2D159496140074D642 /* Build configuration list for PBXNativeTarget "pgf+" */;
			buildPhases = (
				0A1D1E25159496140074D642 /* Sources */,
				0A1D1E26159496140074D642 /* Frameworks */,
				0A1D1E27159496140074D642 /* Headers */,
			);
			buildRules = (
			);
			dependencies = (
			);
			name = "pgf+";
			productName = "pgf+";
			productReference = 0A1D1E29159496140074D642 /* libpgf+.a */;
			productType = "com.apple.product-type.library.static";
		};
/* End PBXNativeTarget section */

/* Begin PBXProject section */
		0A1D1E20159496140074D642 /* Project object */ = {
			isa = PBXProject;
			attributes = {
				LastUpgradeCheck = 0420;
				ORGANIZATIONNAME = "Chalmers University of Technology";
			};
			buildConfigurationList = 0A1D1E23159496140074D642 /* Build configuration list for PBXProject "pgf+" */;
			compatibilityVersion = "Xcode 3.2";
			developmentRegion = English;
			hasScannedForEncodings = 0;
			knownRegions = (
				en,
			);
			mainGroup = 0A1D1E1E159496140074D642;
			productRefGroup = 0A1D1E2A159496140074D642 /* Products */;
			projectDirPath = "";
			projectRoot = "";
			targets = (
				0A1D1E28159496140074D642 /* pgf+ */,
			);
		};
/* End PBXProject section */

/* Begin PBXSourcesBuildPhase section */
		0A1D1E25159496140074D642 /* Sources */ = {
			isa = PBXSourcesBuildPhase;
			buildActionMask = 2147483647;
			files = (
				0A1D1EC41599AD200074D642 /* Exception.cpp in Sources */,
				0A1D1EC51599AD200074D642 /* IOException.cpp in Sources */,
				0A1D1EC61599AD200074D642 /* PGFReader.cpp in Sources */,
				0A1D1EC71599AD200074D642 /* RefBase.cpp in Sources */,
				0A1D1EC81599AD200074D642 /* UnknownCategoryException.cpp in Sources */,
				0A1D1EC91599AD200074D642 /* UnknownLanguageException.cpp in Sources */,
			);
			runOnlyForDeploymentPostprocessing = 0;
		};
/* End PBXSourcesBuildPhase section */

/* Begin XCBuildConfiguration section */
		0A1D1E2B159496140074D642 /* Debug */ = {
			isa = XCBuildConfiguration;
			buildSettings = {
				ALWAYS_SEARCH_USER_PATHS = NO;
				ARCHS = "$(ARCHS_STANDARD_64_BIT)";
				COPY_PHASE_STRIP = NO;
				GCC_C_LANGUAGE_STANDARD = gnu99;
				GCC_DYNAMIC_NO_PIC = NO;
				GCC_ENABLE_OBJC_EXCEPTIONS = YES;
				GCC_OPTIMIZATION_LEVEL = 0;
				GCC_PREPROCESSOR_DEFINITIONS = (
					"DEBUG=1",
					"$(inherited)",
				);
				GCC_SYMBOLS_PRIVATE_EXTERN = NO;
				GCC_VERSION = com.apple.compilers.llvm.clang.1_0;
				GCC_WARN_64_TO_32_BIT_CONVERSION = YES;
				GCC_WARN_ABOUT_MISSING_PROTOTYPES = YES;
				GCC_WARN_ABOUT_RETURN_TYPE = YES;
				GCC_WARN_UNUSED_VARIABLE = YES;
				MACOSX_DEPLOYMENT_TARGET = 10.7;
				ONLY_ACTIVE_ARCH = YES;
				SDKROOT = macosx;
			};
			name = Debug;
		};
		0A1D1E2C159496140074D642 /* Release */ = {
			isa = XCBuildConfiguration;
			buildSettings = {
				ALWAYS_SEARCH_USER_PATHS = NO;
				ARCHS = "$(ARCHS_STANDARD_64_BIT)";
				COPY_PHASE_STRIP = YES;
				DEBUG_INFORMATION_FORMAT = "dwarf-with-dsym";
				GCC_C_LANGUAGE_STANDARD = gnu99;
				GCC_ENABLE_OBJC_EXCEPTIONS = YES;
				GCC_VERSION = com.apple.compilers.llvm.clang.1_0;
				GCC_WARN_64_TO_32_BIT_CONVERSION = YES;
				GCC_WARN_ABOUT_MISSING_PROTOTYPES = YES;
				GCC_WARN_ABOUT_RETURN_TYPE = YES;
				GCC_WARN_UNUSED_VARIABLE = YES;
				MACOSX_DEPLOYMENT_TARGET = 10.7;
				SDKROOT = macosx;
			};
			name = Release;
		};
		0A1D1E2E159496140074D642 /* Debug */ = {
			isa = XCBuildConfiguration;
			buildSettings = {
				EXECUTABLE_PREFIX = lib;
				HEADER_SEARCH_PATHS = include;
				PRODUCT_NAME = "$(TARGET_NAME)";
			};
			name = Debug;
		};
		0A1D1E2F159496140074D642 /* Release */ = {
			isa = XCBuildConfiguration;
			buildSettings = {
				EXECUTABLE_PREFIX = lib;
				HEADER_SEARCH_PATHS = include;
				PRODUCT_NAME = "$(TARGET_NAME)";
			};
			name = Release;
		};
/* End XCBuildConfiguration section */

/* Begin XCConfigurationList section */
		0A1D1E23159496140074D642 /* Build configuration list for PBXProject "pgf+" */ = {
			isa = XCConfigurationList;
			buildConfigurations = (
				0A1D1E2B159496140074D642 /* Debug */,
				0A1D1E2C159496140074D642 /* Release */,
			);
			defaultConfigurationIsVisible = 0;
			defaultConfigurationName = Release;
		};
		0A1D1E2D159496140074D642 /* Build configuration list for PBXNativeTarget "pgf+" */ = {
			isa = XCConfigurationList;
			buildConfigurations = (
				0A1D1E2E159496140074D642 /* Debug */,
				0A1D1E2F159496140074D642 /* Release */,
			);
			defaultConfigurationIsVisible = 0;
			defaultConfigurationName = Release;
		};
/* End XCConfigurationList section */
	};
	rootObject = 0A1D1E20159496140074D642 /* Project object */;
}
